
Microsoft Visual Studio Solution File, Format Version 12.00
# Visual Studio 15
VisualStudioVersion = 15.0.33919.361
MinimumVisualStudioVersion = 10.0.40219.1
Project("{8BC9CEB8-8B4A-11D0-8D11-00A0C91BC942}") = "P10-7", "P10-7\P10-7.vcxproj", "{0D49B2D4-59FF-4870-BB44-F5CF825225F0}"
EndProject
Global
	GlobalSection(SolutionConfigurationPlatforms) = preSolution
		Debug|x64 = Debug|x64
		Debug|x86 = Debug|x86
		Release|x64 = Release|x64
		Release|x86 = Release|x86
	EndGlobalSection
	GlobalSection(ProjectConfigurationPlatforms) = postSolution
		{0D49B2D4-59FF-4870-BB44-F5CF825225F0}.Debug|x64.ActiveCfg = Debug|x64
		{0D49B2D4-59FF-4870-BB44-F5CF825225F0}.Debug|x64.Build.0 = Debug|x64
		{0D49B2D4-59FF-4870-BB44-F5CF825225F0}.Debug|x86.ActiveCfg = Debug|Win32
		{0D49B2D4-59FF-4870-BB44-F5CF825225F0}.Debug|x86.Build.0 = Debug|Win32
		{0D49B2D4-59FF-4870-BB44-F5CF825225F0}.Release|x64.ActiveCfg = Release|x64
		{0D49B2D4-59FF-4870-BB44-F5CF825225F0}.Release|x64.Build.0 = Release|x64
		{0D49B2D4-59FF-4870-BB44-F5CF825225F0}.Release|x86.ActiveCfg = Release|Win32
		{0D49B2D4-59FF-4870-BB44-F5CF825225F0}.Release|x86.Build.0 = Release|Win32
	EndGlobalSection
	GlobalSection(SolutionProperties) = preSolution
		HideSolutionNode = FALSE
	EndGlobalSection
	GlobalSection(ExtensibilityGlobals) = postSolution
		SolutionGuid = {B37E3FA7-7660-48A3-8EDC-26D4FA788A89}
	EndGlobalSection
EndGlobal
